
Microsoft Visual Studio Solution File, Format Version 12.00
# Visual Studio Version 16
VisualStudioVersion = 16.0.30114.105
MinimumVisualStudioVersion = 10.0.40219.1
Project("{9A19103F-16F7-4668-BE54-9A1E7A4F7556}") = "CodeShare.Site", "CodeShare.Site\CodeShare.Site.csproj", "{E288B2AE-6A1E-4F42-82B7-2E8D9357A526}"
EndProject
Project("{9A19103F-16F7-4668-BE54-9A1E7A4F7556}") = "CodeShare.Core", "CodeShare.Core\CodeShare.Core.csproj", "{9304CF13-BDA8-4A72-9A07-4F957D547822}"
EndProject
Project("{9A19103F-16F7-4668-BE54-9A1E7A4F7556}") = "CodeShare.Models", "CodeShare.Models\CodeShare.Models.csproj", "{E3E3D428-1A9C-46A2-BB34-394E990CBC6A}"
EndProject
Project("{FAE04EC0-301F-11D3-BF4B-00C04F79EFBC}") = "CodeShare", "CodeShare\CodeShare.csproj", "{CE5988DE-30C5-4DD1-843B-89C9D1A0995B}"
EndProject
Global
	GlobalSection(SolutionConfigurationPlatforms) = preSolution
		Debug|Any CPU = Debug|Any CPU
		Debug|x64 = Debug|x64
		Debug|x86 = Debug|x86
		Release|Any CPU = Release|Any CPU
		Release|x64 = Release|x64
		Release|x86 = Release|x86
	EndGlobalSection
	GlobalSection(ProjectConfigurationPlatforms) = postSolution
		{E288B2AE-6A1E-4F42-82B7-2E8D9357A526}.Debug|Any CPU.ActiveCfg = Debug|Any CPU
		{E288B2AE-6A1E-4F42-82B7-2E8D9357A526}.Debug|Any CPU.Build.0 = Debug|Any CPU
		{E288B2AE-6A1E-4F42-82B7-2E8D9357A526}.Debug|x64.ActiveCfg = Debug|Any CPU
		{E288B2AE-6A1E-4F42-82B7-2E8D9357A526}.Debug|x64.Build.0 = Debug|Any CPU
		{E288B2AE-6A1E-4F42-82B7-2E8D9357A526}.Debug|x86.ActiveCfg = Debug|Any CPU
		{E288B2AE-6A1E-4F42-82B7-2E8D9357A526}.Debug|x86.Build.0 = Debug|Any CPU
		{E288B2AE-6A1E-4F42-82B7-2E8D9357A526}.Release|Any CPU.ActiveCfg = Release|Any CPU
		{E288B2AE-6A1E-4F42-82B7-2E8D9357A526}.Release|Any CPU.Build.0 = Release|Any CPU
		{E288B2AE-6A1E-4F42-82B7-2E8D9357A526}.Release|x64.ActiveCfg = Release|Any CPU
		{E288B2AE-6A1E-4F42-82B7-2E8D9357A526}.Release|x64.Build.0 = Release|Any CPU
		{E288B2AE-6A1E-4F42-82B7-2E8D9357A526}.Release|x86.ActiveCfg = Release|Any CPU
		{E288B2AE-6A1E-4F42-82B7-2E8D9357A526}.Release|x86.Build.0 = Release|Any CPU
		{9304CF13-BDA8-4A72-9A07-4F957D547822}.Debug|Any CPU.ActiveCfg = Debug|Any CPU
		{9304CF13-BDA8-4A72-9A07-4F957D547822}.Debug|Any CPU.Build.0 = Debug|Any CPU
		{9304CF13-BDA8-4A72-9A07-4F957D547822}.Debug|x64.ActiveCfg = Debug|Any CPU
		{9304CF13-BDA8-4A72-9A07-4F957D547822}.Debug|x64.Build.0 = Debug|Any CPU
		{9304CF13-BDA8-4A72-9A07-4F957D547822}.Debug|x86.ActiveCfg = Debug|Any CPU
		{9304CF13-BDA8-4A72-9A07-4F957D547822}.Debug|x86.Build.0 = Debug|Any CPU
		{9304CF13-BDA8-4A72-9A07-4F957D547822}.Release|Any CPU.ActiveCfg = Release|Any CPU
		{9304CF13-BDA8-4A72-9A07-4F957D547822}.Release|Any CPU.Build.0 = Release|Any CPU
		{9304CF13-BDA8-4A72-9A07-4F957D547822}.Release|x64.ActiveCfg = Release|Any CPU
		{9304CF13-BDA8-4A72-9A07-4F957D547822}.Release|x64.Build.0 = Release|Any CPU
		{9304CF13-BDA8-4A72-9A07-4F957D547822}.Release|x86.ActiveCfg = Release|Any CPU
		{9304CF13-BDA8-4A72-9A07-4F957D547822}.Release|x86.Build.0 = Release|Any CPU
		{E3E3D428-1A9C-46A2-BB34-394E990CBC6A}.Debug|Any CPU.ActiveCfg = Debug|Any CPU
		{E3E3D428-1A9C-46A2-BB34-394E990CBC6A}.Debug|Any CPU.Build.0 = Debug|Any CPU
		{E3E3D428-1A9C-46A2-BB34-394E990CBC6A}.Debug|x64.ActiveCfg = Debug|Any CPU
		{E3E3D428-1A9C-46A2-BB34-394E990CBC6A}.Debug|x64.Build.0 = Debug|Any CPU
		{E3E3D428-1A9C-46A2-BB34-394E990CBC6A}.Debug|x86.ActiveCfg = Debug|Any CPU
		{E3E3D428-1A9C-46A2-BB34-394E990CBC6A}.Debug|x86.Build.0 = Debug|Any CPU
		{E3E3D428-1A9C-46A2-BB34-394E990CBC6A}.Release|Any CPU.ActiveCfg = Release|Any CPU
		{E3E3D428-1A9C-46A2-BB34-394E990CBC6A}.Release|Any CPU.Build.0 = Release|Any CPU
		{E3E3D428-1A9C-46A2-BB34-394E990CBC6A}.Release|x64.ActiveCfg = Release|Any CPU
		{E3E3D428-1A9C-46A2-BB34-394E990CBC6A}.Release|x64.Build.0 = Release|Any CPU
		{E3E3D428-1A9C-46A2-BB34-394E990CBC6A}.Release|x86.ActiveCfg = Release|Any CPU
		{E3E3D428-1A9C-46A2-BB34-394E990CBC6A}.Release|x86.Build.0 = Release|Any CPU
		{CE5988DE-30C5-4DD1-843B-89C9D1A0995B}.Debug|Any CPU.ActiveCfg = Debug|Any CPU
		{CE5988DE-30C5-4DD1-843B-89C9D1A0995B}.Debug|Any CPU.Build.0 = Debug|Any CPU
		{CE5988DE-30C5-4DD1-843B-89C9D1A0995B}.Debug|x64.ActiveCfg = Debug|Any CPU
		{CE5988DE-30C5-4DD1-843B-89C9D1A0995B}.Debug|x64.Build.0 = Debug|Any CPU
		{CE5988DE-30C5-4DD1-843B-89C9D1A0995B}.Debug|x86.ActiveCfg = Debug|Any CPU
		{CE5988DE-30C5-4DD1-843B-89C9D1A0995B}.Debug|x86.Build.0 = Debug|Any CPU
		{CE5988DE-30C5-4DD1-843B-89C9D1A0995B}.Release|Any CPU.ActiveCfg = Release|Any CPU
		{CE5988DE-30C5-4DD1-843B-89C9D1A0995B}.Release|Any CPU.Build.0 = Release|Any CPU
		{CE5988DE-30C5-4DD1-843B-89C9D1A0995B}.Release|x64.ActiveCfg = Release|Any CPU
		{CE5988DE-30C5-4DD1-843B-89C9D1A0995B}.Release|x64.Build.0 = Release|Any CPU
		{CE5988DE-30C5-4DD1-843B-89C9D1A0995B}.Release|x86.ActiveCfg = Release|Any CPU
		{CE5988DE-30C5-4DD1-843B-89C9D1A0995B}.Release|x86.Build.0 = Release|Any CPU
	EndGlobalSection
	GlobalSection(SolutionProperties) = preSolution
		HideSolutionNode = FALSE
	EndGlobalSection
	GlobalSection(ExtensibilityGlobals) = postSolution
		SolutionGuid = {97AA70D7-ECF5-440C-A27A-4B742811EF2D}
	EndGlobalSection
EndGlobal
